{
  "lockfileVersion": 1,
  "configVersion": 1,
  "workspaces": {
    "": {
      "name": "papai",
      "dependencies": {
        "@ai-sdk/openai-compatible": "^2.0.35",
        "@gramio/format": "^0.5.0",
        "ai": "^6.0.116",
        "grammy": "^1.41.1",
        "marked": "^17.0.4",
        "pino": "^10.3.1",
        "zod": "^4.0.0",
      },
      "devDependencies": {
        "@types/bun": "latest",
        "oxfmt": "^0.40.0",
        "oxlint": "1.55.0",
        "oxlint-tsgolint": "^0.16.0",
        "typescript": "latest",
      },
    },
  },
  "packages": {
    "@ai-sdk/gateway": ["@ai-sdk/gateway@3.0.66", "", { "dependencies": { "@ai-sdk/provider": "3.0.8", "@ai-sdk/provider-utils": "4.0.19", "@vercel/oidc": "3.1.0" }, "peerDependencies": { "zod": "^3.25.76 || ^4.1.8" } }, "sha512-SIQ0YY0iMuv+07HLsZ+bB990zUJ6S4ujORAh+Jv1V2KGNn73qQKnGO0JBk+w+Res8YqOFSycwDoWcFlQrVxS4A=="],

    "@ai-sdk/openai-compatible": ["@ai-sdk/openai-compatible@2.0.35", "", { "dependencies": { "@ai-sdk/provider": "3.0.8", "@ai-sdk/provider-utils": "4.0.19" }, "peerDependencies": { "zod": "^3.25.76 || ^4.1.8" } }, "sha512-g3wA57IAQFb+3j4YuFndgkUdXyRETZVvbfAWM+UX7bZSxA3xjes0v3XKgIdKdekPtDGsh4ZX2byHD0gJIMPfiA=="],

    "@ai-sdk/provider": ["@ai-sdk/provider@3.0.8", "", { "dependencies": { "json-schema": "^0.4.0" } }, "sha512-oGMAgGoQdBXbZqNG0Ze56CHjDZ1IDYOwGYxYjO5KLSlz5HiNQ9udIXsPZ61VWaHGZ5XW/jyjmr6t2xz2jGVwbQ=="],

    "@ai-sdk/provider-utils": ["@ai-sdk/provider-utils@4.0.19", "", { "dependencies": { "@ai-sdk/provider": "3.0.8", "@standard-schema/spec": "^1.1.0", "eventsource-parser": "^3.0.6" }, "peerDependencies": { "zod": "^3.25.76 || ^4.1.8" } }, "sha512-3eG55CrSWCu2SXlqq2QCsFjo3+E7+Gmg7i/oRVoSZzIodTuDSfLb3MRje67xE9RFea73Zao7Lm4mADIfUETKGg=="],

    "@gramio/format": ["@gramio/format@0.5.0", "", { "dependencies": { "@gramio/types": "^9.5.0" }, "peerDependencies": { "marked": "^15.0.11", "node-html-parser": ">=6.0.0" }, "optionalPeers": ["marked", "node-html-parser"] }, "sha512-aVW3XfmrTQHiDeUB0Ps0S7z9L2Kxvn9RL193rAWxtsj6aW0EUNRUyVhJw9zk4Q1fmnWaO3kqUAHDrcce5d36ng=="],

    "@gramio/types": ["@gramio/types@9.5.0", "", {}, "sha512-bpOxXjtsabZpm2TTvr0QA4XJKPVeIoN0scMFuViUaLb1FbtQ+yp4hGz0XUKHVUTr39TzPV4ICANNX5b5uMtTKw=="],

    "@grammyjs/types": ["@grammyjs/types@3.25.0", "", {}, "sha512-iN9i5p+8ZOu9OMxWNcguojQfz4K/PDyMPOnL7PPCON+SoA/F8OKMH3uR7CVUkYfdNe0GCz8QOzAWrnqusQYFOg=="],

    "@opentelemetry/api": ["@opentelemetry/api@1.9.0", "", {}, "sha512-3giAOQvZiH5F9bMlMiv8+GSPMeqg0dbaeo58/0SlA9sxSqZhnUtxzX9/2FzyhS9sWQf5S0GJE0AKBrFqjpeYcg=="],

    "@oxfmt/binding-android-arm-eabi": ["@oxfmt/binding-android-arm-eabi@0.40.0", "", { "os": "android", "cpu": "arm" }, "sha512-S6zd5r1w/HmqR8t0CTnGjFTBLDq2QKORPwriCHxo4xFNuhmOTABGjPaNvCJJVnrKBLsohOeiDX3YqQfJPF+FXw=="],

    "@oxfmt/binding-android-arm64": ["@oxfmt/binding-android-arm64@0.40.0", "", { "os": "android", "cpu": "arm64" }, "sha512-/mbS9UUP/5Vbl2D6osIdcYiP0oie63LKMoTyGj5hyMCK/SFkl3EhtyRAfdjPvuvHC0SXdW6ePaTKkBSq1SNcIw=="],

    "@oxfmt/binding-darwin-arm64": ["@oxfmt/binding-darwin-arm64@0.40.0", "", { "os": "darwin", "cpu": "arm64" }, "sha512-wRt8fRdfLiEhnRMBonlIbKrJWixoEmn6KCjKE9PElnrSDSXETGZfPb8ee+nQNTobXkCVvVLytp2o0obAsxl78Q=="],

    "@oxfmt/binding-darwin-x64": ["@oxfmt/binding-darwin-x64@0.40.0", "", { "os": "darwin", "cpu": "x64" }, "sha512-fzowhqbOE/NRy+AE5ob0+Y4X243WbWzDb00W+pKwD7d9tOqsAFbtWUwIyqqCoCLxj791m2xXIEeLH/3uz7zCCg=="],

    "@oxfmt/binding-freebsd-x64": ["@oxfmt/binding-freebsd-x64@0.40.0", "", { "os": "freebsd", "cpu": "x64" }, "sha512-agZ9ITaqdBjcerRRFEHB8s0OyVcQW8F9ZxsszjxzeSthQ4fcN2MuOtQFWec1ed8/lDa50jSLHVE2/xPmTgtCfQ=="],

    "@oxfmt/binding-linux-arm-gnueabihf": ["@oxfmt/binding-linux-arm-gnueabihf@0.40.0", "", { "os": "linux", "cpu": "arm" }, "sha512-ZM2oQ47p28TP1DVIp7HL1QoMUgqlBFHey0ksHct7tMXoU5BqjNvPWw7888azzMt25lnyPODVuye1wvNbvVUFOA=="],

    "@oxfmt/binding-linux-arm-musleabihf": ["@oxfmt/binding-linux-arm-musleabihf@0.40.0", "", { "os": "linux", "cpu": "arm" }, "sha512-RBFPAxRAIsMisKM47Oe6Lwdv6agZYLz02CUhVCD1sOv5ajAcRMrnwCFBPWwGXpazToW2mjnZxFos8TuFjTU15A=="],

    "@oxfmt/binding-linux-arm64-gnu": ["@oxfmt/binding-linux-arm64-gnu@0.40.0", "", { "os": "linux", "cpu": "arm64" }, "sha512-Nb2XbQ+wV3W2jSIihXdPj7k83eOxeSgYP3N/SRXvQ6ZYPIk6Q86qEh5Gl/7OitX3bQoQrESqm1yMLvZV8/J7dA=="],

    "@oxfmt/binding-linux-arm64-musl": ["@oxfmt/binding-linux-arm64-musl@0.40.0", "", { "os": "linux", "cpu": "arm64" }, "sha512-tGmWhLD/0YMotCdfezlT6tC/MJG/wKpo4vnQ3Cq+4eBk/BwNv7EmkD0VkD5F/dYkT3b8FNU01X2e8vvJuWoM1w=="],

    "@oxfmt/binding-linux-ppc64-gnu": ["@oxfmt/binding-linux-ppc64-gnu@0.40.0", "", { "os": "linux", "cpu": "ppc64" }, "sha512-rVbFyM3e7YhkVnp0IVYjaSHfrBWcTRWb60LEcdNAJcE2mbhTpbqKufx0FrhWfoxOrW/+7UJonAOShoFFLigDqQ=="],

    "@oxfmt/binding-linux-riscv64-gnu": ["@oxfmt/binding-linux-riscv64-gnu@0.40.0", "", { "os": "linux", "cpu": "none" }, "sha512-3ZqBw14JtWeEoLiioJcXSJz8RQyPE+3jLARnYM1HdPzZG4vk+Ua8CUupt2+d+vSAvMyaQBTN2dZK+kbBS/j5mA=="],

    "@oxfmt/binding-linux-riscv64-musl": ["@oxfmt/binding-linux-riscv64-musl@0.40.0", "", { "os": "linux", "cpu": "none" }, "sha512-JJ4PPSdcbGBjPvb+O7xYm2FmAsKCyuEMYhqatBAHMp/6TA6rVlf9Z/sYPa4/3Bommb+8nndm15SPFRHEPU5qFA=="],

    "@oxfmt/binding-linux-s390x-gnu": ["@oxfmt/binding-linux-s390x-gnu@0.40.0", "", { "os": "linux", "cpu": "s390x" }, "sha512-Kp0zNJoX9Ik77wUya2tpBY3W9f40VUoMQLWVaob5SgCrblH/t2xr/9B2bWHfs0WCefuGmqXcB+t0Lq77sbBmZw=="],

    "@oxfmt/binding-linux-x64-gnu": ["@oxfmt/binding-linux-x64-gnu@0.40.0", "", { "os": "linux", "cpu": "x64" }, "sha512-7YTCNzleWTaQTqNGUNQ66qVjpoV6DjbCOea+RnpMBly2bpzrI/uu7Rr+2zcgRfNxyjXaFTVQKaRKjqVdeUfeVA=="],

    "@oxfmt/binding-linux-x64-musl": ["@oxfmt/binding-linux-x64-musl@0.40.0", "", { "os": "linux", "cpu": "x64" }, "sha512-hWnSzJ0oegeOwfOEeejYXfBqmnRGHusgtHfCPzmvJvHTwy1s3Neo59UKc1CmpE3zxvrCzJoVHos0rr97GHMNPw=="],

    "@oxfmt/binding-openharmony-arm64": ["@oxfmt/binding-openharmony-arm64@0.40.0", "", { "os": "none", "cpu": "arm64" }, "sha512-28sJC1lR4qtBJGzSRRbPnSW3GxU2+4YyQFE6rCmsUYqZ5XYH8jg0/w+CvEzQ8TuAQz5zLkcA25nFQGwoU0PT3Q=="],

    "@oxfmt/binding-win32-arm64-msvc": ["@oxfmt/binding-win32-arm64-msvc@0.40.0", "", { "os": "win32", "cpu": "arm64" }, "sha512-cDkRnyT0dqwF5oIX1Cv59HKCeZQFbWWdUpXa3uvnHFT2iwYSSZspkhgjXjU6iDp5pFPaAEAe9FIbMoTgkTmKPg=="],

    "@oxfmt/binding-win32-ia32-msvc": ["@oxfmt/binding-win32-ia32-msvc@0.40.0", "", { "os": "win32", "cpu": "ia32" }, "sha512-7rPemBJjqm5Gkv6ZRCPvK8lE6AqQ/2z31DRdWazyx2ZvaSgL7QGofHXHNouRpPvNsT9yxRNQJgigsWkc+0qg4w=="],

    "@oxfmt/binding-win32-x64-msvc": ["@oxfmt/binding-win32-x64-msvc@0.40.0", "", { "os": "win32", "cpu": "x64" }, "sha512-/Zmj0yTYSvmha6TG1QnoLqVT7ZMRDqXvFXXBQpIjteEwx9qvUYMBH2xbiOFhDeMUJkGwC3D6fdKsFtaqUvkwNA=="],

    "@oxlint-tsgolint/darwin-arm64": ["@oxlint-tsgolint/darwin-arm64@0.16.0", "", { "os": "darwin", "cpu": "arm64" }, "sha512-WQt5lGwRPJBw7q2KNR0mSPDAaMmZmVvDlEEti96xLO7ONhyomQc6fBZxxwZ4qTFedjJnrHX94sFelZ4OKzS7UQ=="],

    "@oxlint-tsgolint/darwin-x64": ["@oxlint-tsgolint/darwin-x64@0.16.0", "", { "os": "darwin", "cpu": "x64" }, "sha512-VJo29XOzdkalvCTiE2v6FU3qZlgHaM8x8hUEVJGPU2i5W+FlocPpmn00+Ld2n7Q0pqIjyD5EyvZ5UmoIEJMfqg=="],

    "@oxlint-tsgolint/linux-arm64": ["@oxlint-tsgolint/linux-arm64@0.16.0", "", { "os": "linux", "cpu": "arm64" }, "sha512-MPfqRt1+XRHv9oHomcBMQ3KpTE+CSkZz14wUxDQoqTNdUlV0HWdzwIE9q65I3D9YyxEnqpM7j4qtDQ3apqVvbQ=="],

    "@oxlint-tsgolint/linux-x64": ["@oxlint-tsgolint/linux-x64@0.16.0", "", { "os": "linux", "cpu": "x64" }, "sha512-XQSwVUsnwLokMhe1TD6IjgvW5WMTPzOGGkdFDtXWQmlN2YeTw94s/NN0KgDrn2agM1WIgAenEkvnm0u7NgwEyw=="],

    "@oxlint-tsgolint/win32-arm64": ["@oxlint-tsgolint/win32-arm64@0.16.0", "", { "os": "win32", "cpu": "arm64" }, "sha512-EWdlspQiiFGsP2AiCYdhg5dTYyAlj6y1nRyNI2dQWq4Q/LITFHiSRVPe+7m7K7lcsZCEz2icN/bCeSkZaORqIg=="],

    "@oxlint-tsgolint/win32-x64": ["@oxlint-tsgolint/win32-x64@0.16.0", "", { "os": "win32", "cpu": "x64" }, "sha512-1ufk8cgktXJuJZHKF63zCHAkaLMwZrEXnZ89H2y6NO85PtOXqu4zbdNl0VBpPP3fCUuUBu9RvNqMFiv0VsbXWA=="],

    "@oxlint/binding-android-arm-eabi": ["@oxlint/binding-android-arm-eabi@1.55.0", "", { "os": "android", "cpu": "arm" }, "sha512-NhvgAhncTSOhRahQSCnkK/4YIGPjTmhPurQQ2dwt2IvwCMTvZRW5vF2K10UBOxFve4GZDMw6LtXZdC2qeuYIVQ=="],

    "@oxlint/binding-android-arm64": ["@oxlint/binding-android-arm64@1.55.0", "", { "os": "android", "cpu": "arm64" }, "sha512-P9iWRh+Ugqhg+D7rkc7boHX8o3H2h7YPcZHQIgvVBgnua5tk4LR2L+IBlreZs58/95cd2x3/004p5VsQM9z4SA=="],

    "@oxlint/binding-darwin-arm64": ["@oxlint/binding-darwin-arm64@1.55.0", "", { "os": "darwin", "cpu": "arm64" }, "sha512-esakkJIt7WFAhT30P/Qzn96ehFpzdZ1mNuzpOb8SCW7lI4oB8VsyQnkSHREM671jfpuBb/o2ppzBCx5l0jpgMA=="],

    "@oxlint/binding-darwin-x64": ["@oxlint/binding-darwin-x64@1.55.0", "", { "os": "darwin", "cpu": "x64" }, "sha512-xDMFRCCAEK9fOH6As2z8ELsC+VDGSFRHwIKVSilw+xhgLwTDFu37rtmRbmUlx8rRGS6cWKQPTc47AVxAZEVVPQ=="],

    "@oxlint/binding-freebsd-x64": ["@oxlint/binding-freebsd-x64@1.55.0", "", { "os": "freebsd", "cpu": "x64" }, "sha512-mYZqnwUD7ALCRxGenyLd1uuG+rHCL+OTT6S8FcAbVm/ZT2AZMGjvibp3F6k1SKOb2aeqFATmwRykrE41Q0GWVw=="],

    "@oxlint/binding-linux-arm-gnueabihf": ["@oxlint/binding-linux-arm-gnueabihf@1.55.0", "", { "os": "linux", "cpu": "arm" }, "sha512-LcX6RYcF9vL9ESGwJW3yyIZ/d/ouzdOKXxCdey1q0XJOW1asrHsIg5MmyKdEBR4plQx+shvYeQne7AzW5f3T1w=="],

    "@oxlint/binding-linux-arm-musleabihf": ["@oxlint/binding-linux-arm-musleabihf@1.55.0", "", { "os": "linux", "cpu": "arm" }, "sha512-C+8GS1rPtK+dI7mJFkqoRBkDuqbrNihnyYQsJPS9ez+8zF9JzfvU19lawqt4l/Y23o5uQswE/DORa8aiXUih3w=="],

    "@oxlint/binding-linux-arm64-gnu": ["@oxlint/binding-linux-arm64-gnu@1.55.0", "", { "os": "linux", "cpu": "arm64" }, "sha512-ErLE4XbmcCopA4/CIDiH6J1IAaDOMnf/KSx/aFObs4/OjAAM3sFKWGZ57pNOMxhhyBdcmcXwYymph9GwcpcqgQ=="],

    "@oxlint/binding-linux-arm64-musl": ["@oxlint/binding-linux-arm64-musl@1.55.0", "", { "os": "linux", "cpu": "arm64" }, "sha512-/kp65avi6zZfqEng56TTuhiy3P/3pgklKIdf38yvYeJ9/PgEeRA2A2AqKAKbZBNAqUzrzHhz9jF6j/PZvhJzTQ=="],

    "@oxlint/binding-linux-ppc64-gnu": ["@oxlint/binding-linux-ppc64-gnu@1.55.0", "", { "os": "linux", "cpu": "ppc64" }, "sha512-A6pTdXwcEEwL/nmz0eUJ6WxmxcoIS+97GbH96gikAyre3s5deC7sts38ZVVowjS2QQFuSWkpA4ZmQC0jZSNvJQ=="],

    "@oxlint/binding-linux-riscv64-gnu": ["@oxlint/binding-linux-riscv64-gnu@1.55.0", "", { "os": "linux", "cpu": "none" }, "sha512-clj0lnIN+V52G9tdtZl0LbdTSurnZ1NZj92Je5X4lC7gP5jiCSW+Y/oiDiSauBAD4wrHt2S7nN3pA0zfKYK/6Q=="],

    "@oxlint/binding-linux-riscv64-musl": ["@oxlint/binding-linux-riscv64-musl@1.55.0", "", { "os": "linux", "cpu": "none" }, "sha512-NNu08pllN5x/O94/sgR3DA8lbrGBnTHsINZZR0hcav1sj79ksTiKKm1mRzvZvacwQ0hUnGinFo+JO75ok2PxYg=="],

    "@oxlint/binding-linux-s390x-gnu": ["@oxlint/binding-linux-s390x-gnu@1.55.0", "", { "os": "linux", "cpu": "s390x" }, "sha512-BvfQz3PRlWZRoEZ17dZCqgQsMRdpzGZomJkVATwCIGhHVVeHJMQdmdXPSjcT1DCNUrOjXnVyj1RGDj5+/Je2+Q=="],

    "@oxlint/binding-linux-x64-gnu": ["@oxlint/binding-linux-x64-gnu@1.55.0", "", { "os": "linux", "cpu": "x64" }, "sha512-ngSOoFCSBMKVQd24H8zkbcBNc7EHhjnF1sv3mC9NNXQ/4rRjI/4Dj9+9XoDZeFEkF1SX1COSBXF1b2Pr9rqdEw=="],

    "@oxlint/binding-linux-x64-musl": ["@oxlint/binding-linux-x64-musl@1.55.0", "", { "os": "linux", "cpu": "x64" }, "sha512-BDpP7W8GlaG7BR6QjGZAleYzxoyKc/D24spZIF2mB3XsfALQJJT/OBmP8YpeTb1rveFSBHzl8T7l0aqwkWNdGA=="],

    "@oxlint/binding-openharmony-arm64": ["@oxlint/binding-openharmony-arm64@1.55.0", "", { "os": "none", "cpu": "arm64" }, "sha512-PS6GFvmde/pc3fCA2Srt51glr8Lcxhpf6WIBFfLphndjRrD34NEcses4TSxQrEcxYo6qVywGfylM0ZhSCF2gGA=="],

    "@oxlint/binding-win32-arm64-msvc": ["@oxlint/binding-win32-arm64-msvc@1.55.0", "", { "os": "win32", "cpu": "arm64" }, "sha512-P6JcLJGs/q1UOvDLzN8otd9JsH4tsuuPDv+p7aHqHM3PrKmYdmUvkNj4K327PTd35AYcznOCN+l4ZOaq76QzSw=="],

    "@oxlint/binding-win32-ia32-msvc": ["@oxlint/binding-win32-ia32-msvc@1.55.0", "", { "os": "win32", "cpu": "ia32" }, "sha512-gzkk4zE2zsE+WmRxFOiAZHpCpUNDFytEakqNXoNHW+PnYEOTPKDdW6nrzgSeTbGKVPXNAKQnRnMgrh7+n3Xueg=="],

    "@oxlint/binding-win32-x64-msvc": ["@oxlint/binding-win32-x64-msvc@1.55.0", "", { "os": "win32", "cpu": "x64" }, "sha512-ZFALNow2/og75gvYzNP7qe+rREQ5xunktwA+lgykoozHZ6hw9bqg4fn5j2UvG4gIn1FXqrZHkOAXuPf5+GOYTQ=="],

    "@pinojs/redact": ["@pinojs/redact@0.4.0", "", {}, "sha512-k2ENnmBugE/rzQfEcdWHcCY+/FM3VLzH9cYEsbdsoqrvzAKRhUZeRNhAZvB8OitQJ1TBed3yqWtdjzS6wJKBwg=="],

    "@standard-schema/spec": ["@standard-schema/spec@1.1.0", "", {}, "sha512-l2aFy5jALhniG5HgqrD6jXLi/rUWrKvqN/qJx6yoJsgKhblVd+iqqU4RCXavm/jPityDo5TCvKMnpjKnOriy0w=="],

    "@types/bun": ["@types/bun@1.3.10", "", { "dependencies": { "bun-types": "1.3.10" } }, "sha512-0+rlrUrOrTSskibryHbvQkDOWRJwJZqZlxrUs1u4oOoTln8+WIXBPmAuCF35SWB2z4Zl3E84Nl/D0P7803nigQ=="],

    "@types/node": ["@types/node@25.3.3", "", { "dependencies": { "undici-types": "~7.18.0" } }, "sha512-DpzbrH7wIcBaJibpKo9nnSQL0MTRdnWttGyE5haGwK86xgMOkFLp7vEyfQPGLOJh5wNYiJ3V9PmUMDhV9u8kkQ=="],

    "@vercel/oidc": ["@vercel/oidc@3.1.0", "", {}, "sha512-Fw28YZpRnA3cAHHDlkt7xQHiJ0fcL+NRcIqsocZQUSmbzeIKRpwttJjik5ZGanXP+vlA4SbTg+AbA3bP363l+w=="],

    "abort-controller": ["abort-controller@3.0.0", "", { "dependencies": { "event-target-shim": "^5.0.0" } }, "sha512-h8lQ8tacZYnR3vNQTgibj+tODHI5/+l06Au2Pcriv/Gmet0eaj4TwWH41sO9wnHDiQsEj19q0drzdWdeAHtweg=="],

    "ai": ["ai@6.0.116", "", { "dependencies": { "@ai-sdk/gateway": "3.0.66", "@ai-sdk/provider": "3.0.8", "@ai-sdk/provider-utils": "4.0.19", "@opentelemetry/api": "1.9.0" }, "peerDependencies": { "zod": "^3.25.76 || ^4.1.8" } }, "sha512-7yM+cTmyRLeNIXwt4Vj+mrrJgVQ9RMIW5WO0ydoLoYkewIvsMcvUmqS4j2RJTUXaF1HphwmSKUMQ/HypNRGOmA=="],

    "atomic-sleep": ["atomic-sleep@1.0.0", "", {}, "sha512-kNOjDqAh7px0XWNI+4QbzoiR/nTkHAWNud2uvnJquD1/x5a7EQZMJT0AczqK0Qn67oY/TTQ1LbUKajZpp3I9tQ=="],

    "bun-types": ["bun-types@1.3.10", "", { "dependencies": { "@types/node": "*" } }, "sha512-tcpfCCl6XWo6nCVnpcVrxQ+9AYN1iqMIzgrSKYMB/fjLtV2eyAVEg7AxQJuCq/26R6HpKWykQXuSOq/21RYcbg=="],

    "debug": ["debug@4.4.3", "", { "dependencies": { "ms": "^2.1.3" } }, "sha512-RGwwWnwQvkVfavKVt22FGLw+xYSdzARwm0ru6DhTVA3umU5hZc28V3kO4stgYryrTlLpuvgI9GiijltAjNbcqA=="],

    "event-target-shim": ["event-target-shim@5.0.1", "", {}, "sha512-i/2XbnSz/uxRCU6+NdVJgKWDTM427+MqYbkQzD321DuCQJUqOuJKIA0IM2+W2xtYHdKOmZ4dR6fExsd4SXL+WQ=="],

    "eventsource-parser": ["eventsource-parser@3.0.6", "", {}, "sha512-Vo1ab+QXPzZ4tCa8SwIHJFaSzy4R6SHf7BY79rFBDf0idraZWAkYrDjDj8uWaSm3S2TK+hJ7/t1CEmZ7jXw+pg=="],

    "grammy": ["grammy@1.41.1", "", { "dependencies": { "@grammyjs/types": "3.25.0", "abort-controller": "^3.0.0", "debug": "^4.4.3", "node-fetch": "^2.7.0" } }, "sha512-wcHAQ1e7svL3fJMpDchcQVcWUmywhuepOOjHUHmMmWAwUJEIyK5ea5sbSjZd+Gy1aMpZeP8VYJa+4tP+j1YptQ=="],

    "json-schema": ["json-schema@0.4.0", "", {}, "sha512-es94M3nTIfsEPisRafak+HDLfHXnKBhV3vU5eqPcS3flIWqcxJWgXHXiey3YrpaNsanY5ei1VoYEbOzijuq9BA=="],

    "marked": ["marked@17.0.4", "", { "bin": { "marked": "bin/marked.js" } }, "sha512-NOmVMM+KAokHMvjWmC5N/ZOvgmSWuqJB8FoYI019j4ogb/PeRMKoKIjReZ2w3376kkA8dSJIP8uD993Kxc0iRQ=="],

    "ms": ["ms@2.1.3", "", {}, "sha512-6FlzubTLZG3J2a/NVCAleEhjzq5oxgHyaCU9yYXvcLsvoVaHJq/s5xXI6/XXP6tz7R9xAOtHnSO/tXtF3WRTlA=="],

    "node-fetch": ["node-fetch@2.7.0", "", { "dependencies": { "whatwg-url": "^5.0.0" }, "peerDependencies": { "encoding": "^0.1.0" }, "optionalPeers": ["encoding"] }, "sha512-c4FRfUm/dbcWZ7U+1Wq0AwCyFL+3nt2bEw05wfxSz+DWpWsitgmSgYmy2dQdWyKC1694ELPqMs/YzUSNozLt8A=="],

    "on-exit-leak-free": ["on-exit-leak-free@2.1.2", "", {}, "sha512-0eJJY6hXLGf1udHwfNftBqH+g73EU4B504nZeKpz1sYRKafAghwxEJunB2O7rDZkL4PGfsMVnTXZ2EjibbqcsA=="],

    "oxfmt": ["oxfmt@0.40.0", "", { "dependencies": { "tinypool": "2.1.0" }, "optionalDependencies": { "@oxfmt/binding-android-arm-eabi": "0.40.0", "@oxfmt/binding-android-arm64": "0.40.0", "@oxfmt/binding-darwin-arm64": "0.40.0", "@oxfmt/binding-darwin-x64": "0.40.0", "@oxfmt/binding-freebsd-x64": "0.40.0", "@oxfmt/binding-linux-arm-gnueabihf": "0.40.0", "@oxfmt/binding-linux-arm-musleabihf": "0.40.0", "@oxfmt/binding-linux-arm64-gnu": "0.40.0", "@oxfmt/binding-linux-arm64-musl": "0.40.0", "@oxfmt/binding-linux-ppc64-gnu": "0.40.0", "@oxfmt/binding-linux-riscv64-gnu": "0.40.0", "@oxfmt/binding-linux-riscv64-musl": "0.40.0", "@oxfmt/binding-linux-s390x-gnu": "0.40.0", "@oxfmt/binding-linux-x64-gnu": "0.40.0", "@oxfmt/binding-linux-x64-musl": "0.40.0", "@oxfmt/binding-openharmony-arm64": "0.40.0", "@oxfmt/binding-win32-arm64-msvc": "0.40.0", "@oxfmt/binding-win32-ia32-msvc": "0.40.0", "@oxfmt/binding-win32-x64-msvc": "0.40.0" }, "bin": { "oxfmt": "bin/oxfmt" } }, "sha512-g0C3I7xUj4b4DcagevM9kgH6+pUHytikxUcn3/VUkvzTNaaXBeyZqb7IBsHwojeXm4mTBEC/aBjBTMVUkZwWUQ=="],

    "oxlint": ["oxlint@1.55.0", "", { "optionalDependencies": { "@oxlint/binding-android-arm-eabi": "1.55.0", "@oxlint/binding-android-arm64": "1.55.0", "@oxlint/binding-darwin-arm64": "1.55.0", "@oxlint/binding-darwin-x64": "1.55.0", "@oxlint/binding-freebsd-x64": "1.55.0", "@oxlint/binding-linux-arm-gnueabihf": "1.55.0", "@oxlint/binding-linux-arm-musleabihf": "1.55.0", "@oxlint/binding-linux-arm64-gnu": "1.55.0", "@oxlint/binding-linux-arm64-musl": "1.55.0", "@oxlint/binding-linux-ppc64-gnu": "1.55.0", "@oxlint/binding-linux-riscv64-gnu": "1.55.0", "@oxlint/binding-linux-riscv64-musl": "1.55.0", "@oxlint/binding-linux-s390x-gnu": "1.55.0", "@oxlint/binding-linux-x64-gnu": "1.55.0", "@oxlint/binding-linux-x64-musl": "1.55.0", "@oxlint/binding-openharmony-arm64": "1.55.0", "@oxlint/binding-win32-arm64-msvc": "1.55.0", "@oxlint/binding-win32-ia32-msvc": "1.55.0", "@oxlint/binding-win32-x64-msvc": "1.55.0" }, "peerDependencies": { "oxlint-tsgolint": ">=0.15.0" }, "optionalPeers": ["oxlint-tsgolint"], "bin": { "oxlint": "bin/oxlint" } }, "sha512-T+FjepiyWpaZMhekqRpH8Z3I4vNM610p6w+Vjfqgj5TZUxHXl7N8N5IPvmOU8U4XdTRxqtNNTh9Y4hLtr7yvFg=="],

    "oxlint-tsgolint": ["oxlint-tsgolint@0.16.0", "", { "optionalDependencies": { "@oxlint-tsgolint/darwin-arm64": "0.16.0", "@oxlint-tsgolint/darwin-x64": "0.16.0", "@oxlint-tsgolint/linux-arm64": "0.16.0", "@oxlint-tsgolint/linux-x64": "0.16.0", "@oxlint-tsgolint/win32-arm64": "0.16.0", "@oxlint-tsgolint/win32-x64": "0.16.0" }, "bin": { "tsgolint": "bin/tsgolint.js" } }, "sha512-4RuJK2jP08XwqtUu+5yhCbxEauCm6tv2MFHKEMsjbosK2+vy5us82oI3VLuHwbNyZG7ekZA26U2LLHnGR4frIA=="],

    "pino": ["pino@10.3.1", "", { "dependencies": { "@pinojs/redact": "^0.4.0", "atomic-sleep": "^1.0.0", "on-exit-leak-free": "^2.1.0", "pino-abstract-transport": "^3.0.0", "pino-std-serializers": "^7.0.0", "process-warning": "^5.0.0", "quick-format-unescaped": "^4.0.3", "real-require": "^0.2.0", "safe-stable-stringify": "^2.3.1", "sonic-boom": "^4.0.1", "thread-stream": "^4.0.0" }, "bin": { "pino": "bin.js" } }, "sha512-r34yH/GlQpKZbU1BvFFqOjhISRo1MNx1tWYsYvmj6KIRHSPMT2+yHOEb1SG6NMvRoHRF0a07kCOox/9yakl1vg=="],

    "pino-abstract-transport": ["pino-abstract-transport@3.0.0", "", { "dependencies": { "split2": "^4.0.0" } }, "sha512-wlfUczU+n7Hy/Ha5j9a/gZNy7We5+cXp8YL+X+PG8S0KXxw7n/JXA3c46Y0zQznIJ83URJiwy7Lh56WLokNuxg=="],

    "pino-std-serializers": ["pino-std-serializers@7.1.0", "", {}, "sha512-BndPH67/JxGExRgiX1dX0w1FvZck5Wa4aal9198SrRhZjH3GxKQUKIBnYJTdj2HDN3UQAS06HlfcSbQj2OHmaw=="],

    "process-warning": ["process-warning@5.0.0", "", {}, "sha512-a39t9ApHNx2L4+HBnQKqxxHNs1r7KF+Intd8Q/g1bUh6q0WIp9voPXJ/x0j+ZL45KF1pJd9+q2jLIRMfvEshkA=="],

    "quick-format-unescaped": ["quick-format-unescaped@4.0.4", "", {}, "sha512-tYC1Q1hgyRuHgloV/YXs2w15unPVh8qfu/qCTfhTYamaw7fyhumKa2yGpdSo87vY32rIclj+4fWYQXUMs9EHvg=="],

    "real-require": ["real-require@0.2.0", "", {}, "sha512-57frrGM/OCTLqLOAh0mhVA9VBMHd+9U7Zb2THMGdBUoZVOtGbJzjxsYGDJ3A9AYYCP4hn6y1TVbaOfzWtm5GFg=="],

    "safe-stable-stringify": ["safe-stable-stringify@2.5.0", "", {}, "sha512-b3rppTKm9T+PsVCBEOUR46GWI7fdOs00VKZ1+9c1EWDaDMvjQc6tUwuFyIprgGgTcWoVHSKrU8H31ZHA2e0RHA=="],

    "sonic-boom": ["sonic-boom@4.2.1", "", { "dependencies": { "atomic-sleep": "^1.0.0" } }, "sha512-w6AxtubXa2wTXAUsZMMWERrsIRAdrK0Sc+FUytWvYAhBJLyuI4llrMIC1DtlNSdI99EI86KZum2MMq3EAZlF9Q=="],

    "split2": ["split2@4.2.0", "", {}, "sha512-UcjcJOWknrNkF6PLX83qcHM6KHgVKNkV62Y8a5uYDVv9ydGQVwAHMKqHdJje1VTWpljG0WYpCDhrCdAOYH4TWg=="],

    "thread-stream": ["thread-stream@4.0.0", "", { "dependencies": { "real-require": "^0.2.0" } }, "sha512-4iMVL6HAINXWf1ZKZjIPcz5wYaOdPhtO8ATvZ+Xqp3BTdaqtAwQkNmKORqcIo5YkQqGXq5cwfswDwMqqQNrpJA=="],

    "tinypool": ["tinypool@2.1.0", "", {}, "sha512-Pugqs6M0m7Lv1I7FtxN4aoyToKg1C4tu+/381vH35y8oENM/Ai7f7C4StcoK4/+BSw9ebcS8jRiVrORFKCALLw=="],

    "tr46": ["tr46@0.0.3", "", {}, "sha512-N3WMsuqV66lT30CrXNbEjx4GEwlow3v6rr4mCcv6prnfwhS01rkgyFdjPNBYd9br7LpXV1+Emh01fHnq2Gdgrw=="],

    "typescript": ["typescript@5.9.3", "", { "bin": { "tsc": "bin/tsc", "tsserver": "bin/tsserver" } }, "sha512-jl1vZzPDinLr9eUt3J/t7V6FgNEw9QjvBPdysz9KfQDD41fQrC2Y4vKQdiaUpFT4bXlb1RHhLpp8wtm6M5TgSw=="],

    "undici-types": ["undici-types@7.18.2", "", {}, "sha512-AsuCzffGHJybSaRrmr5eHr81mwJU3kjw6M+uprWvCXiNeN9SOGwQ3Jn8jb8m3Z6izVgknn1R0FTCEAP2QrLY/w=="],

    "webidl-conversions": ["webidl-conversions@3.0.1", "", {}, "sha512-2JAn3z8AR6rjK8Sm8orRC0h/bcl/DqL7tRPdGZ4I1CjdF+EaMLmYxBHyXuKL849eucPFhvBoxMsflfOb8kxaeQ=="],

    "whatwg-url": ["whatwg-url@5.0.0", "", { "dependencies": { "tr46": "~0.0.3", "webidl-conversions": "^3.0.0" } }, "sha512-saE57nupxk6v3HY35+jzBwYa0rKSy0XR8JSxZPwgLr7ys0IBzhGviA1/TUGJLmSVqs8pb9AnvICXEuOHLprYTw=="],

    "zod": ["zod@4.3.6", "", {}, "sha512-rftlrkhHZOcjDwkGlnUtZZkvaPHCsDATp4pGpuOOMDaTdDDXF91wuVDJoWoPsKX/3YPQ5fHuF3STjcYyKr+Qhg=="],
  }
}
